
Microsoft Visual Studio Solution File, Format Version 12.00
# Visual Studio Version 16
VisualStudioVersion = 16.0.29728.190
MinimumVisualStudioVersion = 10.0.40219.1
Project("{FAE04EC0-301F-11D3-BF4B-00C04F79EFBC}") = "ConsoleApp10", "ConsoleApp10\ConsoleApp10.csproj", "{C932DB19-4EFF-4228-964D-2B060A6D75EE}"
EndProject
Global
	GlobalSection(SolutionConfigurationPlatforms) = preSolution
		Debug|Any CPU = Debug|Any CPU
		Release|Any CPU = Release|Any CPU
	EndGlobalSection
	GlobalSection(ProjectConfigurationPlatforms) = postSolution
		{C932DB19-4EFF-4228-964D-2B060A6D75EE}.Debug|Any CPU.ActiveCfg = Debug|Any CPU
		{C932DB19-4EFF-4228-964D-2B060A6D75EE}.Debug|Any CPU.Build.0 = Debug|Any CPU
		{C932DB19-4EFF-4228-964D-2B060A6D75EE}.Release|Any CPU.ActiveCfg = Release|Any CPU
		{C932DB19-4EFF-4228-964D-2B060A6D75EE}.Release|Any CPU.Build.0 = Release|Any CPU
	EndGlobalSection
	GlobalSection(SolutionProperties) = preSolution
		HideSolutionNode = FALSE
	EndGlobalSection
	GlobalSection(ExtensibilityGlobals) = postSolution
		SolutionGuid = {CC307CF4-71DA-4932-B38C-6779A73DBC9C}
	EndGlobalSection
EndGlobal
