
Microsoft Visual Studio Solution File, Format Version 12.00
# Visual Studio Version 16
VisualStudioVersion = 16.0.29728.190
MinimumVisualStudioVersion = 10.0.40219.1
Project("{FAE04EC0-301F-11D3-BF4B-00C04F79EFBC}") = "ConsoleApp16", "ConsoleApp16\ConsoleApp16.csproj", "{D21A8ED7-7748-4ECA-B047-B4D02E9AA418}"
EndProject
Global
	GlobalSection(SolutionConfigurationPlatforms) = preSolution
		Debug|Any CPU = Debug|Any CPU
		Release|Any CPU = Release|Any CPU
	EndGlobalSection
	GlobalSection(ProjectConfigurationPlatforms) = postSolution
		{D21A8ED7-7748-4ECA-B047-B4D02E9AA418}.Debug|Any CPU.ActiveCfg = Debug|Any CPU
		{D21A8ED7-7748-4ECA-B047-B4D02E9AA418}.Debug|Any CPU.Build.0 = Debug|Any CPU
		{D21A8ED7-7748-4ECA-B047-B4D02E9AA418}.Release|Any CPU.ActiveCfg = Release|Any CPU
		{D21A8ED7-7748-4ECA-B047-B4D02E9AA418}.Release|Any CPU.Build.0 = Release|Any CPU
	EndGlobalSection
	GlobalSection(SolutionProperties) = preSolution
		HideSolutionNode = FALSE
	EndGlobalSection
	GlobalSection(ExtensibilityGlobals) = postSolution
		SolutionGuid = {7F396F91-96B1-440A-9E90-053B152DBDC9}
	EndGlobalSection
EndGlobal
